
Microsoft Visual Studio Solution File, Format Version 12.00
# Visual Studio Version 16
VisualStudioVersion = 16.0.29001.49
MinimumVisualStudioVersion = 10.0.40219.1
Project("{FAE04EC0-301F-11D3-BF4B-00C04F79EFBC}") = "Qwe", "Qwe\Qwe.csproj", "{AEE8AE9A-1E0E-46CA-AE01-597436CB83D2}"
EndProject
Project("{2150E333-8FDC-42A3-9474-1A3956D46DE8}") = "Domain", "Domain", "{710DD498-F184-410B-9871-4C47023DA5C9}"
EndProject
Project("{FAE04EC0-301F-11D3-BF4B-00C04F79EFBC}") = "Shop.Domain.Core", "Shop.Domain.Core\Shop.Domain.Core.csproj", "{A6158399-70E5-4352-A43A-AB44E6DE075E}"
EndProject
Project("{FAE04EC0-301F-11D3-BF4B-00C04F79EFBC}") = "Shop.Domain.Interfaces", "Shop.Domain.Interfaces\Shop.Domain.Interfaces.csproj", "{4C8AA8A9-8FD1-415A-966D-D6E7ACEF0CD5}"
EndProject
Project("{2150E333-8FDC-42A3-9474-1A3956D46DE8}") = "Infrastructure", "Infrastructure", "{91D7BA6E-EE7B-471B-899A-182653175155}"
EndProject
Project("{FAE04EC0-301F-11D3-BF4B-00C04F79EFBC}") = "Shop.Infrastructure.Busines", "Shop.Infrastructure\Shop.Infrastructure.Busines.csproj", "{7A10D877-FF8E-4478-A1C2-83F4DC665AF3}"
EndProject
Project("{FAE04EC0-301F-11D3-BF4B-00C04F79EFBC}") = "Shop.Infrastucture.Date", "Shop.Infrastucture.Date\Shop.Infrastucture.Date.csproj", "{253BCC54-FDC1-4231-B054-CCCC53ED1D0C}"
EndProject
Project("{2150E333-8FDC-42A3-9474-1A3956D46DE8}") = "Services", "Services", "{654F0246-5F8A-4D8B-A03A-BC403CEEA586}"
EndProject
Project("{FAE04EC0-301F-11D3-BF4B-00C04F79EFBC}") = "Shop.Services.Interfaces", "Shop.Services.Interfaces\Shop.Services.Interfaces.csproj", "{34693771-0C39-40E8-B81B-59A50E28739C}"
EndProject
Global
	GlobalSection(SolutionConfigurationPlatforms) = preSolution
		Debug|Any CPU = Debug|Any CPU
		Release|Any CPU = Release|Any CPU
	EndGlobalSection
	GlobalSection(ProjectConfigurationPlatforms) = postSolution
		{AEE8AE9A-1E0E-46CA-AE01-597436CB83D2}.Debug|Any CPU.ActiveCfg = Debug|Any CPU
		{AEE8AE9A-1E0E-46CA-AE01-597436CB83D2}.Debug|Any CPU.Build.0 = Debug|Any CPU
		{AEE8AE9A-1E0E-46CA-AE01-597436CB83D2}.Release|Any CPU.ActiveCfg = Release|Any CPU
		{AEE8AE9A-1E0E-46CA-AE01-597436CB83D2}.Release|Any CPU.Build.0 = Release|Any CPU
		{A6158399-70E5-4352-A43A-AB44E6DE075E}.Debug|Any CPU.ActiveCfg = Debug|Any CPU
		{A6158399-70E5-4352-A43A-AB44E6DE075E}.Debug|Any CPU.Build.0 = Debug|Any CPU
		{A6158399-70E5-4352-A43A-AB44E6DE075E}.Release|Any CPU.ActiveCfg = Release|Any CPU
		{A6158399-70E5-4352-A43A-AB44E6DE075E}.Release|Any CPU.Build.0 = Release|Any CPU
		{4C8AA8A9-8FD1-415A-966D-D6E7ACEF0CD5}.Debug|Any CPU.ActiveCfg = Debug|Any CPU
		{4C8AA8A9-8FD1-415A-966D-D6E7ACEF0CD5}.Debug|Any CPU.Build.0 = Debug|Any CPU
		{4C8AA8A9-8FD1-415A-966D-D6E7ACEF0CD5}.Release|Any CPU.ActiveCfg = Release|Any CPU
		{4C8AA8A9-8FD1-415A-966D-D6E7ACEF0CD5}.Release|Any CPU.Build.0 = Release|Any CPU
		{7A10D877-FF8E-4478-A1C2-83F4DC665AF3}.Debug|Any CPU.ActiveCfg = Debug|Any CPU
		{7A10D877-FF8E-4478-A1C2-83F4DC665AF3}.Debug|Any CPU.Build.0 = Debug|Any CPU
		{7A10D877-FF8E-4478-A1C2-83F4DC665AF3}.Release|Any CPU.ActiveCfg = Release|Any CPU
		{7A10D877-FF8E-4478-A1C2-83F4DC665AF3}.Release|Any CPU.Build.0 = Release|Any CPU
		{253BCC54-FDC1-4231-B054-CCCC53ED1D0C}.Debug|Any CPU.ActiveCfg = Debug|Any CPU
		{253BCC54-FDC1-4231-B054-CCCC53ED1D0C}.Debug|Any CPU.Build.0 = Debug|Any CPU
		{253BCC54-FDC1-4231-B054-CCCC53ED1D0C}.Release|Any CPU.ActiveCfg = Release|Any CPU
		{253BCC54-FDC1-4231-B054-CCCC53ED1D0C}.Release|Any CPU.Build.0 = Release|Any CPU
		{34693771-0C39-40E8-B81B-59A50E28739C}.Debug|Any CPU.ActiveCfg = Debug|Any CPU
		{34693771-0C39-40E8-B81B-59A50E28739C}.Debug|Any CPU.Build.0 = Debug|Any CPU
		{34693771-0C39-40E8-B81B-59A50E28739C}.Release|Any CPU.ActiveCfg = Release|Any CPU
		{34693771-0C39-40E8-B81B-59A50E28739C}.Release|Any CPU.Build.0 = Release|Any CPU
	EndGlobalSection
	GlobalSection(SolutionProperties) = preSolution
		HideSolutionNode = FALSE
	EndGlobalSection
	GlobalSection(NestedProjects) = preSolution
		{A6158399-70E5-4352-A43A-AB44E6DE075E} = {710DD498-F184-410B-9871-4C47023DA5C9}
		{4C8AA8A9-8FD1-415A-966D-D6E7ACEF0CD5} = {710DD498-F184-410B-9871-4C47023DA5C9}
		{7A10D877-FF8E-4478-A1C2-83F4DC665AF3} = {91D7BA6E-EE7B-471B-899A-182653175155}
		{253BCC54-FDC1-4231-B054-CCCC53ED1D0C} = {91D7BA6E-EE7B-471B-899A-182653175155}
		{34693771-0C39-40E8-B81B-59A50E28739C} = {654F0246-5F8A-4D8B-A03A-BC403CEEA586}
	EndGlobalSection
	GlobalSection(ExtensibilityGlobals) = postSolution
		SolutionGuid = {418043CF-66A1-4D1F-8E32-D5F116792D1E}
	EndGlobalSection
EndGlobal
